
Microsoft Visual Studio Solution File, Format Version 12.00
# Visual Studio Version 16
VisualStudioVersion = 16.0.31424.327
MinimumVisualStudioVersion = 10.0.40219.1
Project("{9A19103F-16F7-4668-BE54-9A1E7A4F7556}") = "MqttMessagingService", "MqttMessagingService\MqttMessagingService.csproj", "{2521BC87-87AB-44E9-B87F-44F93D1A8C91}"
EndProject
Project("{9A19103F-16F7-4668-BE54-9A1E7A4F7556}") = "MQTTServiceApp", "MQTTServiceApp\MQTTServiceApp.csproj", "{AFAECD87-EEB8-49B7-9343-99D1C302E0BB}"
EndProject
Global
	GlobalSection(SolutionConfigurationPlatforms) = preSolution
		Debug|Any CPU = Debug|Any CPU
		Release|Any CPU = Release|Any CPU
	EndGlobalSection
	GlobalSection(ProjectConfigurationPlatforms) = postSolution
		{2521BC87-87AB-44E9-B87F-44F93D1A8C91}.Debug|Any CPU.ActiveCfg = Debug|Any CPU
		{2521BC87-87AB-44E9-B87F-44F93D1A8C91}.Debug|Any CPU.Build.0 = Debug|Any CPU
		{2521BC87-87AB-44E9-B87F-44F93D1A8C91}.Release|Any CPU.ActiveCfg = Release|Any CPU
		{2521BC87-87AB-44E9-B87F-44F93D1A8C91}.Release|Any CPU.Build.0 = Release|Any CPU
		{AFAECD87-EEB8-49B7-9343-99D1C302E0BB}.Debug|Any CPU.ActiveCfg = Debug|Any CPU
		{AFAECD87-EEB8-49B7-9343-99D1C302E0BB}.Debug|Any CPU.Build.0 = Debug|Any CPU
		{AFAECD87-EEB8-49B7-9343-99D1C302E0BB}.Release|Any CPU.ActiveCfg = Release|Any CPU
		{AFAECD87-EEB8-49B7-9343-99D1C302E0BB}.Release|Any CPU.Build.0 = Release|Any CPU
	EndGlobalSection
	GlobalSection(SolutionProperties) = preSolution
		HideSolutionNode = FALSE
	EndGlobalSection
	GlobalSection(ExtensibilityGlobals) = postSolution
		SolutionGuid = {04806F28-41F4-454D-A9E8-557DFDA43627}
	EndGlobalSection
EndGlobal
